
Microsoft Visual Studio Solution File, Format Version 12.00
# Visual Studio Version 17
VisualStudioVersion = 17.14.36202.13 d17.14
MinimumVisualStudioVersion = 10.0.40219.1
Project("{FAE04EC0-301F-11D3-BF4B-00C04F79EFBC}") = "Golden Bekt Development", "Golden Bekt Development\Golden Bekt Development.csproj", "{EB74D72A-6539-4FB3-87B8-75DEA4039F2E}"
EndProject
Global
	GlobalSection(SolutionConfigurationPlatforms) = preSolution
		Debug|Any CPU = Debug|Any CPU
		Release|Any CPU = Release|Any CPU
	EndGlobalSection
	GlobalSection(ProjectConfigurationPlatforms) = postSolution
		{EB74D72A-6539-4FB3-87B8-75DEA4039F2E}.Debug|Any CPU.ActiveCfg = Debug|Any CPU
		{EB74D72A-6539-4FB3-87B8-75DEA4039F2E}.Debug|Any CPU.Build.0 = Debug|Any CPU
		{EB74D72A-6539-4FB3-87B8-75DEA4039F2E}.Release|Any CPU.ActiveCfg = Release|Any CPU
		{EB74D72A-6539-4FB3-87B8-75DEA4039F2E}.Release|Any CPU.Build.0 = Release|Any CPU
	EndGlobalSection
	GlobalSection(SolutionProperties) = preSolution
		HideSolutionNode = FALSE
	EndGlobalSection
	GlobalSection(ExtensibilityGlobals) = postSolution
		SolutionGuid = {05EA71A3-8373-46C6-8E25-80319E788D01}
	EndGlobalSection
EndGlobal
